
Microsoft Visual Studio Solution File, Format Version 12.00
# Visual Studio Version 16
VisualStudioVersion = 25.0.1704.0
MinimumVisualStudioVersion = 10.0.40219.1
Project("{FAE04EC0-301F-11D3-BF4B-00C04F79EFBC}") = "var1", "var1\var1.csproj", "{2335A8B3-EFFB-4374-B49E-544636AF183D}"
EndProject
Global
	GlobalSection(SolutionConfigurationPlatforms) = preSolution
		Debug|Any CPU = Debug|Any CPU
		Release|Any CPU = Release|Any CPU
	EndGlobalSection
	GlobalSection(ProjectConfigurationPlatforms) = postSolution
		{2335A8B3-EFFB-4374-B49E-544636AF183D}.Debug|Any CPU.ActiveCfg = Debug|Any CPU
		{2335A8B3-EFFB-4374-B49E-544636AF183D}.Debug|Any CPU.Build.0 = Debug|Any CPU
		{2335A8B3-EFFB-4374-B49E-544636AF183D}.Release|Any CPU.ActiveCfg = Release|Any CPU
		{2335A8B3-EFFB-4374-B49E-544636AF183D}.Release|Any CPU.Build.0 = Release|Any CPU
	EndGlobalSection
	GlobalSection(SolutionProperties) = preSolution
		HideSolutionNode = FALSE
	EndGlobalSection
	GlobalSection(ExtensibilityGlobals) = postSolution
		SolutionGuid = {F4E91AE9-0CB9-4AD9-B6F1-9A5905DDC22F}
	EndGlobalSection
EndGlobal
